
Microsoft Visual Studio Solution File, Format Version 12.00
# Visual Studio Version 16
VisualStudioVersion = 16.0.30804.86
MinimumVisualStudioVersion = 10.0.40219.1
Project("{9A19103F-16F7-4668-BE54-9A1E7A4F7556}") = "Core", "CrossTest.Core\Core.csproj", "{40860195-3022-4C1E-9573-050DD48390B1}"
EndProject
Project("{FAE04EC0-301F-11D3-BF4B-00C04F79EFBC}") = "Gui", "CrossTest.WPF\Gui.csproj", "{E78BE724-0019-4970-965A-47AB479880BD}"
EndProject
Project("{FAE04EC0-301F-11D3-BF4B-00C04F79EFBC}") = "Tests", "UnitTestProject\Tests.csproj", "{DC2B02E8-9F15-4AB8-9418-AE8486FE9A06}"
EndProject
Global
	GlobalSection(SolutionConfigurationPlatforms) = preSolution
		Debug|Any CPU = Debug|Any CPU
		Release|Any CPU = Release|Any CPU
	EndGlobalSection
	GlobalSection(ProjectConfigurationPlatforms) = postSolution
		{40860195-3022-4C1E-9573-050DD48390B1}.Debug|Any CPU.ActiveCfg = Debug|Any CPU
		{40860195-3022-4C1E-9573-050DD48390B1}.Debug|Any CPU.Build.0 = Debug|Any CPU
		{40860195-3022-4C1E-9573-050DD48390B1}.Release|Any CPU.ActiveCfg = Release|Any CPU
		{40860195-3022-4C1E-9573-050DD48390B1}.Release|Any CPU.Build.0 = Release|Any CPU
		{E78BE724-0019-4970-965A-47AB479880BD}.Debug|Any CPU.ActiveCfg = Debug|Any CPU
		{E78BE724-0019-4970-965A-47AB479880BD}.Debug|Any CPU.Build.0 = Debug|Any CPU
		{E78BE724-0019-4970-965A-47AB479880BD}.Release|Any CPU.ActiveCfg = Release|Any CPU
		{E78BE724-0019-4970-965A-47AB479880BD}.Release|Any CPU.Build.0 = Release|Any CPU
		{DC2B02E8-9F15-4AB8-9418-AE8486FE9A06}.Debug|Any CPU.ActiveCfg = Debug|Any CPU
		{DC2B02E8-9F15-4AB8-9418-AE8486FE9A06}.Debug|Any CPU.Build.0 = Debug|Any CPU
		{DC2B02E8-9F15-4AB8-9418-AE8486FE9A06}.Release|Any CPU.ActiveCfg = Release|Any CPU
		{DC2B02E8-9F15-4AB8-9418-AE8486FE9A06}.Release|Any CPU.Build.0 = Release|Any CPU
	EndGlobalSection
	GlobalSection(SolutionProperties) = preSolution
		HideSolutionNode = FALSE
	EndGlobalSection
	GlobalSection(ExtensibilityGlobals) = postSolution
		SolutionGuid = {42326CB7-69A7-4EDA-8E1A-D755EA73EF8A}
	EndGlobalSection
EndGlobal
